// !$*UTF8*$!
{
	archiveVersion = 1;
	classes = {
	};
	objectVersion = 46;
	objects = {

/* Begin PBXBuildFile section */
		F4623ADE1F356B18003AAC83 /* AppDelegate.swift in Sources */ = {isa = PBXBuildFile; fileRef = F4623ADD1F356B18003AAC83 /* AppDelegate.swift */; };
		F4623AE01F356B18003AAC83 /* ViewController.swift in Sources */ = {isa = PBXBuildFile; fileRef = F4623ADF1F356B18003AAC83 /* ViewController.swift */; };
		F4623AE31F356B18003AAC83 /* Main.storyboard in Resources */ = {isa = PBXBuildFile; fileRef = F4623AE11F356B18003AAC83 /* Main.storyboard */; };
		F4623AE51F356B18003AAC83 /* Assets.xcassets in Resources */ = {isa = PBXBuildFile; fileRef = F4623AE41F356B18003AAC83 /* Assets.xcassets */; };
		F4623AE81F356B18003AAC83 /* LaunchScreen.storyboard in Resources */ = {isa = PBXBuildFile; fileRef = F4623AE61F356B18003AAC83 /* LaunchScreen.storyboard */; };
/* End PBXBuildFile section */

/* Begin PBXFileReference section */
		F4623ADA1F356B18003AAC83 /* ContentHuggingAndCompressionResistance.app */ = {isa = PBXFileReference; explicitFileType = wrapper.application; includeInIndex = 0; path = ContentHuggingAndCompressionResistance.app; sourceTree = BUILT_PRODUCTS_DIR; };
		F4623ADD1F356B18003AAC83 /* AppDelegate.swift */ = {isa = PBXFileReference; lastKnownFileType = sourcecode.swift; path = AppDelegate.swift; sourceTree = "<group>"; };
		F4623ADF1F356B18003AAC83 /* ViewController.swift */ = {isa = PBXFileReference; lastKnownFileType = sourcecode.swift; path = ViewController.swift; sourceTree = "<group>"; };
		F4623AE21F356B18003AAC83 /* Base */ = {isa = PBXFileReference; lastKnownFileType = file.storyboard; name = Base; path = Base.lproj/Main.storyboard; sourceTree = "<group>"; };
		F4623AE41F356B18003AAC83 /* Assets.xcassets */ = {isa = PBXFileReference; lastKnownFileType = folder.assetcatalog; path = Assets.xcassets; sourceTree = "<group>"; };
		F4623AE71F356B18003AAC83 /* Base */ = {isa = PBXFileReference; lastKnownFileType = file.storyboard; name = Base; path = Base.lproj/LaunchScreen.storyboard; sourceTree = "<group>"; };
		F4623AE91F356B18003AAC83 /* Info.plist */ = {isa = PBXFileReference; lastKnownFileType = text.plist.xml; path = Info.plist; sourceTree = "<group>"; };
/* End PBXFileReference section */

/* Begin PBXFrameworksBuildPhase section */
		F4623AD71F356B18003AAC83 /* Frameworks */ = {
			isa = PBXFrameworksBuildPhase;
			buildActionMask = 2147483647;
			files = (
			);
			runOnlyForDeploymentPostprocessing = 0;
		};
/* End PBXFrameworksBuildPhase section */

/* Begin PBXGroup section */
		F4623AD11F356B18003AAC83 = {
			isa = PBXGroup;
			children = (
				F4623ADC1F356B18003AAC83 /* ContentHuggingAndCompressionResistance */,
				F4623ADB1F356B18003AAC83 /* Products */,
			);
			sourceTree = "<group>";
		};
		F4623ADB1F356B18003AAC83 /* Products */ = {
			isa = PBXGroup;
			children = (
				F4623ADA1F356B18003AAC83 /* ContentHuggingAndCompressionResistance.app */,
			);
			name = Products;
			sourceTree = "<group>";
		};
		F4623ADC1F356B18003AAC83 /* ContentHuggingAndCompressionResistance */ = {
			isa = PBXGroup;
			children = (
				F4623ADD1F356B18003AAC83 /* AppDelegate.swift */,
				F4623ADF1F356B18003AAC83 /* ViewController.swift */,
				F4623AE11F356B18003AAC83 /* Main.storyboard */,
				F4623AE41F356B18003AAC83 /* Assets.xcassets */,
				F4623AE61F356B18003AAC83 /* LaunchScreen.storyboard */,
				F4623AE91F356B18003AAC83 /* Info.plist */,
			);
			path = ContentHuggingAndCompressionResistance;
			sourceTree = "<group>";
		};
/* End PBXGroup section */

/* Begin PBXNativeTarget section */
		F4623AD91F356B18003AAC83 /* ContentHuggingAndCompressionResistance */ = {
			isa = PBXNativeTarget;
			buildConfigurationList = F4623AEC1F356B18003AAC83 /* Build configuration list for PBXNativeTarget "ContentHuggingAndCompressionResistance" */;
			buildPhases = (
				F4623AD61F356B18003AAC83 /* Sources */,
				F4623AD71F356B18003AAC83 /* Frameworks */,
				F4623AD81F356B18003AAC83 /* Resources */,
			);
			buildRules = (
			);
			dependencies = (
			);
			name = ContentHuggingAndCompressionResistance;
			productName = ContentHuggingAndCompressionResistance;
			productReference = F4623ADA1F356B18003AAC83 /* ContentHuggingAndCompressionResistance.app */;
			productType = "com.apple.product-type.application";
		};
/* End PBXNativeTarget section */

/* Begin PBXProject section */
		F4623AD21F356B18003AAC83 /* Project object */ = {
			isa = PBXProject;
			attributes = {
				LastSwiftUpdateCheck = 0830;
				LastUpgradeCheck = 0830;
				ORGANIZATIONNAME = zeluli;
				TargetAttributes = {
					F4623AD91F356B18003AAC83 = {
						CreatedOnToolsVersion = 8.3.2;
						ProvisioningStyle = Automatic;
					};
				};
			};
			buildConfigurationList = F4623AD51F356B18003AAC83 /* Build configuration list for PBXProject "ContentHuggingAndCompressionResistance" */;
			compatibilityVersion = "Xcode 3.2";
			developmentRegion = English;
			hasScannedForEncodings = 0;
			knownRegions = (
				en,
				Base,
			);
			mainGroup = F4623AD11F356B18003AAC83;
			productRefGroup = F4623ADB1F356B18003AAC83 /* Products */;
			projectDirPath = "";
			projectRoot = "";
			targets = (
				F4623AD91F356B18003AAC83 /* ContentHuggingAndCompressionResistance */,
			);
		};
/* End PBXProject section */

/* Begin PBXResourcesBuildPhase section */
		F4623AD81F356B18003AAC83 /* Resources */ = {
			isa = PBXResourcesBuildPhase;
			buildActionMask = 2147483647;
			files = (
				F4623AE81F356B18003AAC83 /* LaunchScreen.storyboard in Resources */,
				F4623AE51F356B18003AAC83 /* Assets.xcassets in Resources */,
				F4623AE31F356B18003AAC83 /* Main.storyboard in Resources */,
			);
			runOnlyForDeploymentPostprocessing = 0;
		};
/* End PBXResourcesBuildPhase section */

/* Begin PBXSourcesBuildPhase section */
		F4623AD61F356B18003AAC83 /* Sources */ = {
			isa = PBXSourcesBuildPhase;
			buildActionMask = 2147483647;
			files = (
				F4623AE01F356B18003AAC83 /* ViewController.swift in Sources */,
				F4623ADE1F356B18003AAC83 /* AppDelegate.swift in Sources */,
			);
			runOnlyForDeploymentPostprocessing = 0;
		};
/* End PBXSourcesBuildPhase section */

/* Begin PBXVariantGroup section */
		F4623AE11F356B18003AAC83 /* Main.storyboard */ = {
			isa = PBXVariantGroup;
			children = (
				F4623AE21F356B18003AAC83 /* Base */,
			);
			name = Main.storyboard;
			sourceTree = "<group>";
		};
		F4623AE61F356B18003AAC83 /* LaunchScreen.storyboard */ = {
			isa = PBXVariantGroup;
			children = (
				F4623AE71F356B18003AAC83 /* Base */,
			);
			name = LaunchScreen.storyboard;
			sourceTree = "<group>";
		};
/* End PBXVariantGroup section */

/* Begin XCBuildConfiguration section */
		F4623AEA1F356B18003AAC83 /* Debug */ = {
			isa = XCBuildConfiguration;
			buildSettings = {
				ALWAYS_SEARCH_USER_PATHS = NO;
				CLANG_ANALYZER_NONNULL = YES;
				CLANG_ANALYZER_NUMBER_OBJECT_CONVERSION = YES_AGGRESSIVE;
				CLANG_CXX_LANGUAGE_STANDARD = "gnu++0x";
				CLANG_CXX_LIBRARY = "libc++";
				CLANG_ENABLE_MODULES = YES;
				CLANG_ENABLE_OBJC_ARC = YES;
				CLANG_WARN_BOOL_CONVERSION = YES;
				CLANG_WARN_CONSTANT_CONVERSION = YES;
				CLANG_WARN_DIRECT_OBJC_ISA_USAGE = YES_ERROR;
				CLANG_WARN_DOCUMENTATION_COMMENTS = YES;
				CLANG_WARN_EMPTY_BODY = YES;
				CLANG_WARN_ENUM_CONVERSION = YES;
				CLANG_WARN_INFINITE_RECURSION = YES;
				CLANG_WARN_INT_CONVERSION = YES;
				CLANG_WARN_OBJC_ROOT_CLASS = YES_ERROR;
				CLANG_WARN_SUSPICIOUS_MOVE = YES;
				CLANG_WARN_UNREACHABLE_CODE = YES;
				CLANG_WARN__DUPLICATE_METHOD_MATCH = YES;
				"CODE_SIGN_IDENTITY[sdk=iphoneos*]" = "iPhone Developer";
				COPY_PHASE_STRIP = NO;
				DEBUG_INFORMATION_FORMAT = dwarf;
				ENABLE_STRICT_OBJC_MSGSEND = YES;
				ENABLE_TESTABILITY = YES;
				GCC_C_LANGUAGE_STANDARD = gnu99;
				GCC_DYNAMIC_NO_PIC = NO;
				GCC_NO_COMMON_BLOCKS = YES;
				GCC_OPTIMIZATION_LEVEL = 0;
				GCC_PREPROCESSOR_DEFINITIONS = (
					"DEBUG=1",
					"$(inherited)",
				);
				GCC_WARN_64_TO_32_BIT_CONVERSION = YES;
				GCC_WARN_ABOUT_RETURN_TYPE = YES_ERROR;
				GCC_WARN_UNDECLARED_SELECTOR = YES;
				GCC_WARN_UNINITIALIZED_AUTOS = YES_AGGRESSIVE;
				GCC_WARN_UNUSED_FUNCTION = YES;
				GCC_WARN_UNUSED_VARIABLE = YES;
				IPHONEOS_DEPLOYMENT_TARGET = 10.3;
				MTL_ENABLE_DEBUG_INFO = YES;
				ONLY_ACTIVE_ARCH = YES;
				SDKROOT = iphoneos;
				SWIFT_ACTIVE_COMPILATION_CONDITIONS = DEBUG;
				SWIFT_OPTIMIZATION_LEVEL = "-Onone";
			};
			name = Debug;
		};
		F4623AEB1F356B18003AAC83 /* Release */ = {
			isa = XCBuildConfiguration;
			buildSettings = {
				ALWAYS_SEARCH_USER_PATHS = NO;
				CLANG_ANALYZER_NONNULL = YES;
				CLANG_ANALYZER_NUMBER_OBJECT_CONVERSION = YES_AGGRESSIVE;
				CLANG_CXX_LANGUAGE_STANDARD = "gnu++0x";
				CLANG_CXX_LIBRARY = "libc++";
				CLANG_ENABLE_MODULES = YES;
				CLANG_ENABLE_OBJC_ARC = YES;
				CLANG_WARN_BOOL_CONVERSION = YES;
				CLANG_WARN_CONSTANT_CONVERSION = YES;
				CLANG_WARN_DIRECT_OBJC_ISA_USAGE = YES_ERROR;
				CLANG_WARN_DOCUMENTATION_COMMENTS = YES;
				CLANG_WARN_EMPTY_BODY = YES;
				CLANG_WARN_ENUM_CONVERSION = YES;
				CLANG_WARN_INFINITE_RECURSION = YES;
				CLANG_WARN_INT_CONVERSION = YES;
				CLANG_WARN_OBJC_ROOT_CLASS = YES_ERROR;
				CLANG_WARN_SUSPICIOUS_MOVE = YES;
				CLANG_WARN_UNREACHABLE_CODE = YES;
				CLANG_WARN__DUPLICATE_METHOD_MATCH = YES;
				"CODE_SIGN_IDENTITY[sdk=iphoneos*]" = "iPhone Developer";
				COPY_PHASE_STRIP = NO;
				DEBUG_INFORMATION_FORMAT = "dwarf-with-dsym";
				ENABLE_NS_ASSERTIONS = NO;
				ENABLE_STRICT_OBJC_MSGSEND = YES;
				GCC_C_LANGUAGE_STANDARD = gnu99;
				GCC_NO_COMMON_BLOCKS = YES;
				GCC_WARN_64_TO_32_BIT_CONVERSION = YES;
				GCC_WARN_ABOUT_RETURN_TYPE = YES_ERROR;
				GCC_WARN_UNDECLARED_SELECTOR = YES;
				GCC_WARN_UNINITIALIZED_AUTOS = YES_AGGRESSIVE;
				GCC_WARN_UNUSED_FUNCTION = YES;
				GCC_WARN_UNUSED_VARIABLE = YES;
				IPHONEOS_DEPLOYMENT_TARGET = 10.3;
				MTL_ENABLE_DEBUG_INFO = NO;
				SDKROOT = iphoneos;
				SWIFT_OPTIMIZATION_LEVEL = "-Owholemodule";
				VALIDATE_PRODUCT = YES;
			};
			name = Release;
		};
		F4623AED1F356B18003AAC83 /* Debug */ = {
			isa = XCBuildConfiguration;
			buildSettings = {
				ASSETCATALOG_COMPILER_APPICON_NAME = AppIcon;
				INFOPLIST_FILE = ContentHuggingAndCompressionResistance/Info.plist;
				LD_RUNPATH_SEARCH_PATHS = "$(inherited) @executable_path/Frameworks";
				PRODUCT_BUNDLE_IDENTIFIER = com.zeluli.ContentHuggingAndCompressionResistance;
				PRODUCT_NAME = "$(TARGET_NAME)";
				SWIFT_VERSION = 3.0;
			};
			name = Debug;
		};
		F4623AEE1F356B18003AAC83 /* Release */ = {
			isa = XCBuildConfiguration;
			buildSettings = {
				ASSETCATALOG_COMPILER_APPICON_NAME = AppIcon;
				INFOPLIST_FILE = ContentHuggingAndCompressionResistance/Info.plist;
				LD_RUNPATH_SEARCH_PATHS = "$(inherited) @executable_path/Frameworks";
				PRODUCT_BUNDLE_IDENTIFIER = com.zeluli.ContentHuggingAndCompressionResistance;
				PRODUCT_NAME = "$(TARGET_NAME)";
				SWIFT_VERSION = 3.0;
			};
			name = Release;
		};
/* End XCBuildConfiguration section */

/* Begin XCConfigurationList section */
		F4623AD51F356B18003AAC83 /* Build configuration list for PBXProject "ContentHuggingAndCompressionResistance" */ = {
			isa = XCConfigurationList;
			buildConfigurations = (
				F4623AEA1F356B18003AAC83 /* Debug */,
				F4623AEB1F356B18003AAC83 /* Release */,
			);
			defaultConfigurationIsVisible = 0;
			defaultConfigurationName = Release;
		};
		F4623AEC1F356B18003AAC83 /* Build configuration list for PBXNativeTarget "ContentHuggingAndCompressionResistance" */ = {
			isa = XCConfigurationList;
			buildConfigurations = (
				F4623AED1F356B18003AAC83 /* Debug */,
				F4623AEE1F356B18003AAC83 /* Release */,
			);
			defaultConfigurationIsVisible = 0;
		};
/* End XCConfigurationList section */
	};
	rootObject = F4623AD21F356B18003AAC83 /* Project object */;
}
